
Microsoft Visual Studio Solution File, Format Version 12.00
# Visual Studio 15
Project("{FAE04EC0-301F-11D3-BF4B-00C04F79EFBC}") = "Assembly-CSharp", "Assembly-CSharp.csproj", "{D1185757-10AF-C959-6BDD-0AE4F17803BD}"
EndProject
Global
	GlobalSection(SolutionConfigurationPlatforms) = preSolution
		Debug|Any CPU = Debug|Any CPU
		Release|Any CPU = Release|Any CPU
	EndGlobalSection
	GlobalSection(ProjectConfigurationPlatforms) = postSolution
		{D1185757-10AF-C959-6BDD-0AE4F17803BD}.Debug|Any CPU.ActiveCfg = Debug|Any CPU
		{D1185757-10AF-C959-6BDD-0AE4F17803BD}.Debug|Any CPU.Build.0 = Debug|Any CPU
		{D1185757-10AF-C959-6BDD-0AE4F17803BD}.Release|Any CPU.ActiveCfg = Release|Any CPU
		{D1185757-10AF-C959-6BDD-0AE4F17803BD}.Release|Any CPU.Build.0 = Release|Any CPU
	EndGlobalSection
	GlobalSection(SolutionProperties) = preSolution
		HideSolutionNode = FALSE
	EndGlobalSection
EndGlobal
